
Microsoft Visual Studio Solution File, Format Version 12.00
# Visual Studio Version 17
VisualStudioVersion = 17.9.34607.119
MinimumVisualStudioVersion = 10.0.40219.1
Project("{FAE04EC0-301F-11D3-BF4B-00C04F79EFBC}") = "UsoDeCadenas", "UsoDeCadenas\UsoDeCadenas.csproj", "{9B080DC5-5AB7-408D-AE5C-0FB8DC821ECA}"
EndProject
Global
	GlobalSection(SolutionConfigurationPlatforms) = preSolution
		Debug|Any CPU = Debug|Any CPU
		Release|Any CPU = Release|Any CPU
	EndGlobalSection
	GlobalSection(ProjectConfigurationPlatforms) = postSolution
		{9B080DC5-5AB7-408D-AE5C-0FB8DC821ECA}.Debug|Any CPU.ActiveCfg = Debug|Any CPU
		{9B080DC5-5AB7-408D-AE5C-0FB8DC821ECA}.Debug|Any CPU.Build.0 = Debug|Any CPU
		{9B080DC5-5AB7-408D-AE5C-0FB8DC821ECA}.Release|Any CPU.ActiveCfg = Release|Any CPU
		{9B080DC5-5AB7-408D-AE5C-0FB8DC821ECA}.Release|Any CPU.Build.0 = Release|Any CPU
	EndGlobalSection
	GlobalSection(SolutionProperties) = preSolution
		HideSolutionNode = FALSE
	EndGlobalSection
	GlobalSection(ExtensibilityGlobals) = postSolution
		SolutionGuid = {40ABE8F2-C9AA-4910-A01D-8D01E4AE8A15}
	EndGlobalSection
EndGlobal
